PODS:
  - Capacitor (5.7.5):
    - CapacitorCordova
  - CapacitorCordova (5.7.5)

DEPENDENCIES:
  - "Capacitor (from `../../node_modules/@capacitor/ios`)"
  - "CapacitorCordova (from `../../node_modules/@capacitor/ios`)"

EXTERNAL SOURCES:
  Capacitor:
    :path: "../../node_modules/@capacitor/ios"
  CapacitorCordova:
    :path: "../../node_modules/@capacitor/ios"

SPEC CHECKSUMS:
  Capacitor: 7d42085cb786b2d3ea9ac8a17ebd7e3305be7b72
  CapacitorCordova: c946a6052b547e1e185fc46862003f7b9130ead1

PODFILE CHECKSUM: 8ab55909c5de2b217f9841e5e5b329f5ec901553

COCOAPODS: 1.15.2
